
Microsoft Visual Studio Solution File, Format Version 12.00
# Visual Studio 2012
Project("{8BC9CEB8-8B4A-11D0-8D11-00A0C91BC942}") = "iObjectsDemo", "src\iObjectsDemo.vcxproj", "{B12702AD-ABFB-343A-A199-8E24837244A3}"
EndProject
Project("{8BC9CEB8-8B4A-11D0-8D11-00A0C91BC942}") = "MapTab", "src\plugin\MapTab\MapTab.vcxproj", "{910856DD-B41A-4B83-AF5D-42C2E48B74D8}"
EndProject
Project("{8BC9CEB8-8B4A-11D0-8D11-00A0C91BC942}") = "InteLayers", "src\plugin\InteLayers\InteLayers.vcxproj", "{A227A4C9-27CC-4638-B21E-B14D3A3BAE90}"
EndProject
Project("{8BC9CEB8-8B4A-11D0-8D11-00A0C91BC942}") = "SceneTab", "src\plugin\SceneTab\SceneTab.vcxproj", "{BD5A847C-1FDD-455B-B50A-C7161F94B3B5}"
EndProject
Global
	GlobalSection(SolutionConfigurationPlatforms) = preSolution
		Debug|Win32 = Debug|Win32
		Release|Win32 = Release|Win32
	EndGlobalSection
	GlobalSection(ProjectConfigurationPlatforms) = postSolution
		{B12702AD-ABFB-343A-A199-8E24837244A3}.Debug|Win32.ActiveCfg = Debug|Win32
		{B12702AD-ABFB-343A-A199-8E24837244A3}.Debug|Win32.Build.0 = Debug|Win32
		{B12702AD-ABFB-343A-A199-8E24837244A3}.Release|Win32.ActiveCfg = Release|Win32
		{B12702AD-ABFB-343A-A199-8E24837244A3}.Release|Win32.Build.0 = Release|Win32
		{910856DD-B41A-4B83-AF5D-42C2E48B74D8}.Debug|Win32.ActiveCfg = Debug|Win32
		{910856DD-B41A-4B83-AF5D-42C2E48B74D8}.Debug|Win32.Build.0 = Debug|Win32
		{910856DD-B41A-4B83-AF5D-42C2E48B74D8}.Release|Win32.ActiveCfg = Release|Win32
		{910856DD-B41A-4B83-AF5D-42C2E48B74D8}.Release|Win32.Build.0 = Release|Win32
		{A227A4C9-27CC-4638-B21E-B14D3A3BAE90}.Debug|Win32.ActiveCfg = Debug|Win32
		{A227A4C9-27CC-4638-B21E-B14D3A3BAE90}.Debug|Win32.Build.0 = Debug|Win32
		{A227A4C9-27CC-4638-B21E-B14D3A3BAE90}.Release|Win32.ActiveCfg = Release|Win32
		{A227A4C9-27CC-4638-B21E-B14D3A3BAE90}.Release|Win32.Build.0 = Release|Win32
		{BD5A847C-1FDD-455B-B50A-C7161F94B3B5}.Debug|Win32.ActiveCfg = Debug|Win32
		{BD5A847C-1FDD-455B-B50A-C7161F94B3B5}.Debug|Win32.Build.0 = Debug|Win32
		{BD5A847C-1FDD-455B-B50A-C7161F94B3B5}.Release|Win32.ActiveCfg = Release|Win32
		{BD5A847C-1FDD-455B-B50A-C7161F94B3B5}.Release|Win32.Build.0 = Release|Win32
	EndGlobalSection
	GlobalSection(SolutionProperties) = preSolution
		HideSolutionNode = FALSE
	EndGlobalSection
EndGlobal
